
Microsoft Visual Studio Solution File, Format Version 12.00
# Visual Studio 15
VisualStudioVersion = 15.0.28010.2041
MinimumVisualStudioVersion = 10.0.40219.1
Project("{FAE04EC0-301F-11D3-BF4B-00C04F79EFBC}") = "214_ShortestPalindrome", "214_ShortestPalindrome\214_ShortestPalindrome.csproj", "{B3F9AC05-6D4F-40B2-9A11-6A62B5AE9AA8}"
EndProject
Global
	GlobalSection(SolutionConfigurationPlatforms) = preSolution
		Debug|Any CPU = Debug|Any CPU
		Release|Any CPU = Release|Any CPU
	EndGlobalSection
	GlobalSection(ProjectConfigurationPlatforms) = postSolution
		{B3F9AC05-6D4F-40B2-9A11-6A62B5AE9AA8}.Debug|Any CPU.ActiveCfg = Debug|Any CPU
		{B3F9AC05-6D4F-40B2-9A11-6A62B5AE9AA8}.Debug|Any CPU.Build.0 = Debug|Any CPU
		{B3F9AC05-6D4F-40B2-9A11-6A62B5AE9AA8}.Release|Any CPU.ActiveCfg = Release|Any CPU
		{B3F9AC05-6D4F-40B2-9A11-6A62B5AE9AA8}.Release|Any CPU.Build.0 = Release|Any CPU
	EndGlobalSection
	GlobalSection(SolutionProperties) = preSolution
		HideSolutionNode = FALSE
	EndGlobalSection
	GlobalSection(ExtensibilityGlobals) = postSolution
		SolutionGuid = {0DABAD81-2673-4C3D-B2DC-442372F94078}
	EndGlobalSection
EndGlobal
