
Microsoft Visual Studio Solution File, Format Version 12.00
# Visual Studio 15
VisualStudioVersion = 15.0.28010.2041
MinimumVisualStudioVersion = 10.0.40219.1
Project("{FAE04EC0-301F-11D3-BF4B-00C04F79EFBC}") = "282_ExpressionAddOperators", "282_ExpressionAddOperators\282_ExpressionAddOperators.csproj", "{06F135DF-CE9B-4649-9665-1F80EFFFF70E}"
EndProject
Global
	GlobalSection(SolutionConfigurationPlatforms) = preSolution
		Debug|Any CPU = Debug|Any CPU
		Release|Any CPU = Release|Any CPU
	EndGlobalSection
	GlobalSection(ProjectConfigurationPlatforms) = postSolution
		{06F135DF-CE9B-4649-9665-1F80EFFFF70E}.Debug|Any CPU.ActiveCfg = Debug|Any CPU
		{06F135DF-CE9B-4649-9665-1F80EFFFF70E}.Debug|Any CPU.Build.0 = Debug|Any CPU
		{06F135DF-CE9B-4649-9665-1F80EFFFF70E}.Release|Any CPU.ActiveCfg = Release|Any CPU
		{06F135DF-CE9B-4649-9665-1F80EFFFF70E}.Release|Any CPU.Build.0 = Release|Any CPU
	EndGlobalSection
	GlobalSection(SolutionProperties) = preSolution
		HideSolutionNode = FALSE
	EndGlobalSection
	GlobalSection(ExtensibilityGlobals) = postSolution
		SolutionGuid = {289606D8-A45C-43CC-B18A-2FD8D9657868}
	EndGlobalSection
EndGlobal
