
Microsoft Visual Studio Solution File, Format Version 12.00
# Visual Studio 15
VisualStudioVersion = 15.0.28010.2041
MinimumVisualStudioVersion = 10.0.40219.1
Project("{FAE04EC0-301F-11D3-BF4B-00C04F79EFBC}") = "51_Queens", "51_Queens\51_Queens.csproj", "{D5E13D5A-F659-4914-A6BF-E35D7F6F0A68}"
EndProject
Global
	GlobalSection(SolutionConfigurationPlatforms) = preSolution
		Debug|Any CPU = Debug|Any CPU
		Release|Any CPU = Release|Any CPU
	EndGlobalSection
	GlobalSection(ProjectConfigurationPlatforms) = postSolution
		{D5E13D5A-F659-4914-A6BF-E35D7F6F0A68}.Debug|Any CPU.ActiveCfg = Debug|Any CPU
		{D5E13D5A-F659-4914-A6BF-E35D7F6F0A68}.Debug|Any CPU.Build.0 = Debug|Any CPU
		{D5E13D5A-F659-4914-A6BF-E35D7F6F0A68}.Release|Any CPU.ActiveCfg = Release|Any CPU
		{D5E13D5A-F659-4914-A6BF-E35D7F6F0A68}.Release|Any CPU.Build.0 = Release|Any CPU
	EndGlobalSection
	GlobalSection(SolutionProperties) = preSolution
		HideSolutionNode = FALSE
	EndGlobalSection
	GlobalSection(ExtensibilityGlobals) = postSolution
		SolutionGuid = {0465AAD5-5FD9-412A-BE43-A6097E643D6C}
	EndGlobalSection
EndGlobal
