
Microsoft Visual Studio Solution File, Format Version 12.00
# Visual Studio 15
VisualStudioVersion = 15.0.28010.2041
MinimumVisualStudioVersion = 10.0.40219.1
Project("{FAE04EC0-301F-11D3-BF4B-00C04F79EFBC}") = "745_WordFilter", "745_WordFilter\745_WordFilter.csproj", "{214CE3BE-67ED-43EA-871D-6C222361582C}"
EndProject
Global
	GlobalSection(SolutionConfigurationPlatforms) = preSolution
		Debug|Any CPU = Debug|Any CPU
		Release|Any CPU = Release|Any CPU
	EndGlobalSection
	GlobalSection(ProjectConfigurationPlatforms) = postSolution
		{214CE3BE-67ED-43EA-871D-6C222361582C}.Debug|Any CPU.ActiveCfg = Debug|Any CPU
		{214CE3BE-67ED-43EA-871D-6C222361582C}.Debug|Any CPU.Build.0 = Debug|Any CPU
		{214CE3BE-67ED-43EA-871D-6C222361582C}.Release|Any CPU.ActiveCfg = Release|Any CPU
		{214CE3BE-67ED-43EA-871D-6C222361582C}.Release|Any CPU.Build.0 = Release|Any CPU
	EndGlobalSection
	GlobalSection(SolutionProperties) = preSolution
		HideSolutionNode = FALSE
	EndGlobalSection
	GlobalSection(ExtensibilityGlobals) = postSolution
		SolutionGuid = {84CC4A4B-0FAD-4822-89BB-FCC77BF3D22F}
	EndGlobalSection
EndGlobal
