
Microsoft Visual Studio Solution File, Format Version 12.00
# Visual Studio 15
VisualStudioVersion = 15.0.28010.2041
MinimumVisualStudioVersion = 10.0.40219.1
Project("{FAE04EC0-301F-11D3-BF4B-00C04F79EFBC}") = "76_MinimumWindowSubstring", "76_MinimumWindowSubstring\76_MinimumWindowSubstring.csproj", "{7A1294A8-BD2F-46ED-AE5F-487A23FBEFA8}"
EndProject
Global
	GlobalSection(SolutionConfigurationPlatforms) = preSolution
		Debug|Any CPU = Debug|Any CPU
		Release|Any CPU = Release|Any CPU
	EndGlobalSection
	GlobalSection(ProjectConfigurationPlatforms) = postSolution
		{7A1294A8-BD2F-46ED-AE5F-487A23FBEFA8}.Debug|Any CPU.ActiveCfg = Debug|Any CPU
		{7A1294A8-BD2F-46ED-AE5F-487A23FBEFA8}.Debug|Any CPU.Build.0 = Debug|Any CPU
		{7A1294A8-BD2F-46ED-AE5F-487A23FBEFA8}.Release|Any CPU.ActiveCfg = Release|Any CPU
		{7A1294A8-BD2F-46ED-AE5F-487A23FBEFA8}.Release|Any CPU.Build.0 = Release|Any CPU
	EndGlobalSection
	GlobalSection(SolutionProperties) = preSolution
		HideSolutionNode = FALSE
	EndGlobalSection
	GlobalSection(ExtensibilityGlobals) = postSolution
		SolutionGuid = {024D6437-F091-4DB1-A320-D99A1D7C8DD4}
	EndGlobalSection
EndGlobal
