
Microsoft Visual Studio Solution File, Format Version 12.00
# Visual Studio 15
VisualStudioVersion = 15.0.28307.757
MinimumVisualStudioVersion = 10.0.40219.1
Project("{FAE04EC0-301F-11D3-BF4B-00C04F79EFBC}") = "449_SerializerTree", "449_SerializerTree\449_SerializerTree.csproj", "{BF0C48C1-99E7-4A2A-8FEC-04E3B6B881D3}"
EndProject
Global
	GlobalSection(SolutionConfigurationPlatforms) = preSolution
		Debug|Any CPU = Debug|Any CPU
		Release|Any CPU = Release|Any CPU
	EndGlobalSection
	GlobalSection(ProjectConfigurationPlatforms) = postSolution
		{BF0C48C1-99E7-4A2A-8FEC-04E3B6B881D3}.Debug|Any CPU.ActiveCfg = Debug|Any CPU
		{BF0C48C1-99E7-4A2A-8FEC-04E3B6B881D3}.Debug|Any CPU.Build.0 = Debug|Any CPU
		{BF0C48C1-99E7-4A2A-8FEC-04E3B6B881D3}.Release|Any CPU.ActiveCfg = Release|Any CPU
		{BF0C48C1-99E7-4A2A-8FEC-04E3B6B881D3}.Release|Any CPU.Build.0 = Release|Any CPU
	EndGlobalSection
	GlobalSection(SolutionProperties) = preSolution
		HideSolutionNode = FALSE
	EndGlobalSection
	GlobalSection(ExtensibilityGlobals) = postSolution
		SolutionGuid = {A43163F3-5F4A-4C92-A170-3A5B7EF1472F}
	EndGlobalSection
EndGlobal
