
Microsoft Visual Studio Solution File, Format Version 12.00
# Visual Studio 15
VisualStudioVersion = 15.0.28010.2041
MinimumVisualStudioVersion = 10.0.40219.1
Project("{FAE04EC0-301F-11D3-BF4B-00C04F79EFBC}") = "84_LargestRectangle", "84_LargestRectangle\84_LargestRectangle.csproj", "{37C9A055-574B-4FF2-8A75-9E26F0C7E8D1}"
EndProject
Global
	GlobalSection(SolutionConfigurationPlatforms) = preSolution
		Debug|Any CPU = Debug|Any CPU
		Release|Any CPU = Release|Any CPU
	EndGlobalSection
	GlobalSection(ProjectConfigurationPlatforms) = postSolution
		{37C9A055-574B-4FF2-8A75-9E26F0C7E8D1}.Debug|Any CPU.ActiveCfg = Debug|Any CPU
		{37C9A055-574B-4FF2-8A75-9E26F0C7E8D1}.Debug|Any CPU.Build.0 = Debug|Any CPU
		{37C9A055-574B-4FF2-8A75-9E26F0C7E8D1}.Release|Any CPU.ActiveCfg = Release|Any CPU
		{37C9A055-574B-4FF2-8A75-9E26F0C7E8D1}.Release|Any CPU.Build.0 = Release|Any CPU
	EndGlobalSection
	GlobalSection(SolutionProperties) = preSolution
		HideSolutionNode = FALSE
	EndGlobalSection
	GlobalSection(ExtensibilityGlobals) = postSolution
		SolutionGuid = {087769AF-95BB-40D3-AB49-83CDF155C625}
	EndGlobalSection
EndGlobal
