
Microsoft Visual Studio Solution File, Format Version 12.00
# Visual Studio 15
VisualStudioVersion = 15.0.28010.2041
MinimumVisualStudioVersion = 10.0.40219.1
Project("{FAE04EC0-301F-11D3-BF4B-00C04F79EFBC}") = "130_SurroundedRegion", "130_SurroundedRegion\130_SurroundedRegion.csproj", "{F7A5BF79-C49D-4B1A-B420-09E9A20C8563}"
EndProject
Global
	GlobalSection(SolutionConfigurationPlatforms) = preSolution
		Debug|Any CPU = Debug|Any CPU
		Release|Any CPU = Release|Any CPU
	EndGlobalSection
	GlobalSection(ProjectConfigurationPlatforms) = postSolution
		{F7A5BF79-C49D-4B1A-B420-09E9A20C8563}.Debug|Any CPU.ActiveCfg = Debug|Any CPU
		{F7A5BF79-C49D-4B1A-B420-09E9A20C8563}.Debug|Any CPU.Build.0 = Debug|Any CPU
		{F7A5BF79-C49D-4B1A-B420-09E9A20C8563}.Release|Any CPU.ActiveCfg = Release|Any CPU
		{F7A5BF79-C49D-4B1A-B420-09E9A20C8563}.Release|Any CPU.Build.0 = Release|Any CPU
	EndGlobalSection
	GlobalSection(SolutionProperties) = preSolution
		HideSolutionNode = FALSE
	EndGlobalSection
	GlobalSection(ExtensibilityGlobals) = postSolution
		SolutionGuid = {635AFD39-BC9F-460C-8774-6DB3D7AB239B}
	EndGlobalSection
EndGlobal
