
Microsoft Visual Studio Solution File, Format Version 12.00
# Visual Studio 15
VisualStudioVersion = 15.0.28010.2041
MinimumVisualStudioVersion = 10.0.40219.1
Project("{FAE04EC0-301F-11D3-BF4B-00C04F79EFBC}") = "315_CountOfSmallerNumbersAfterSelf", "315_CountOfSmallerNumbersAfterSelf\315_CountOfSmallerNumbersAfterSelf.csproj", "{5C4A49EA-9998-4124-BD20-B574299AFFD2}"
EndProject
Global
	GlobalSection(SolutionConfigurationPlatforms) = preSolution
		Debug|Any CPU = Debug|Any CPU
		Release|Any CPU = Release|Any CPU
	EndGlobalSection
	GlobalSection(ProjectConfigurationPlatforms) = postSolution
		{5C4A49EA-9998-4124-BD20-B574299AFFD2}.Debug|Any CPU.ActiveCfg = Debug|Any CPU
		{5C4A49EA-9998-4124-BD20-B574299AFFD2}.Debug|Any CPU.Build.0 = Debug|Any CPU
		{5C4A49EA-9998-4124-BD20-B574299AFFD2}.Release|Any CPU.ActiveCfg = Release|Any CPU
		{5C4A49EA-9998-4124-BD20-B574299AFFD2}.Release|Any CPU.Build.0 = Release|Any CPU
	EndGlobalSection
	GlobalSection(SolutionProperties) = preSolution
		HideSolutionNode = FALSE
	EndGlobalSection
	GlobalSection(ExtensibilityGlobals) = postSolution
		SolutionGuid = {7F689621-B302-4001-90A4-961E1D235C26}
	EndGlobalSection
EndGlobal
