
Microsoft Visual Studio Solution File, Format Version 12.00
# Visual Studio 15
VisualStudioVersion = 15.0.28010.2041
MinimumVisualStudioVersion = 10.0.40219.1
Project("{FAE04EC0-301F-11D3-BF4B-00C04F79EFBC}") = "Spiral", "Spiral\Spiral.csproj", "{97D307DB-FD12-4CFC-B673-2DC02141F49F}"
EndProject
Global
	GlobalSection(SolutionConfigurationPlatforms) = preSolution
		Debug|Any CPU = Debug|Any CPU
		Release|Any CPU = Release|Any CPU
	EndGlobalSection
	GlobalSection(ProjectConfigurationPlatforms) = postSolution
		{97D307DB-FD12-4CFC-B673-2DC02141F49F}.Debug|Any CPU.ActiveCfg = Debug|Any CPU
		{97D307DB-FD12-4CFC-B673-2DC02141F49F}.Debug|Any CPU.Build.0 = Debug|Any CPU
		{97D307DB-FD12-4CFC-B673-2DC02141F49F}.Release|Any CPU.ActiveCfg = Release|Any CPU
		{97D307DB-FD12-4CFC-B673-2DC02141F49F}.Release|Any CPU.Build.0 = Release|Any CPU
	EndGlobalSection
	GlobalSection(SolutionProperties) = preSolution
		HideSolutionNode = FALSE
	EndGlobalSection
	GlobalSection(ExtensibilityGlobals) = postSolution
		SolutionGuid = {66D17603-B685-478B-9280-14C39466E7CE}
	EndGlobalSection
EndGlobal
