
Microsoft Visual Studio Solution File, Format Version 12.00
# Visual Studio 15
VisualStudioVersion = 15.0.28010.2041
MinimumVisualStudioVersion = 10.0.40219.1
Project("{FAE04EC0-301F-11D3-BF4B-00C04F79EFBC}") = "736_ParseLispExpression", "736_ParseLispExpression\736_ParseLispExpression.csproj", "{328A6506-E88C-42D1-8C65-725671A7BC9A}"
EndProject
Global
	GlobalSection(SolutionConfigurationPlatforms) = preSolution
		Debug|Any CPU = Debug|Any CPU
		Release|Any CPU = Release|Any CPU
	EndGlobalSection
	GlobalSection(ProjectConfigurationPlatforms) = postSolution
		{328A6506-E88C-42D1-8C65-725671A7BC9A}.Debug|Any CPU.ActiveCfg = Debug|Any CPU
		{328A6506-E88C-42D1-8C65-725671A7BC9A}.Debug|Any CPU.Build.0 = Debug|Any CPU
		{328A6506-E88C-42D1-8C65-725671A7BC9A}.Release|Any CPU.ActiveCfg = Release|Any CPU
		{328A6506-E88C-42D1-8C65-725671A7BC9A}.Release|Any CPU.Build.0 = Release|Any CPU
	EndGlobalSection
	GlobalSection(SolutionProperties) = preSolution
		HideSolutionNode = FALSE
	EndGlobalSection
	GlobalSection(ExtensibilityGlobals) = postSolution
		SolutionGuid = {43A8586D-D4A4-4740-8B9E-AEF797FC4121}
	EndGlobalSection
EndGlobal
