
Microsoft Visual Studio Solution File, Format Version 12.00
# Visual Studio 15
VisualStudioVersion = 15.0.28010.2041
MinimumVisualStudioVersion = 10.0.40219.1
Project("{FAE04EC0-301F-11D3-BF4B-00C04F79EFBC}") = "77_Combinations", "77_Combinations\77_Combinations.csproj", "{519A2533-89B1-4303-815F-82B78768039E}"
EndProject
Global
	GlobalSection(SolutionConfigurationPlatforms) = preSolution
		Debug|Any CPU = Debug|Any CPU
		Release|Any CPU = Release|Any CPU
	EndGlobalSection
	GlobalSection(ProjectConfigurationPlatforms) = postSolution
		{519A2533-89B1-4303-815F-82B78768039E}.Debug|Any CPU.ActiveCfg = Debug|Any CPU
		{519A2533-89B1-4303-815F-82B78768039E}.Debug|Any CPU.Build.0 = Debug|Any CPU
		{519A2533-89B1-4303-815F-82B78768039E}.Release|Any CPU.ActiveCfg = Release|Any CPU
		{519A2533-89B1-4303-815F-82B78768039E}.Release|Any CPU.Build.0 = Release|Any CPU
	EndGlobalSection
	GlobalSection(SolutionProperties) = preSolution
		HideSolutionNode = FALSE
	EndGlobalSection
	GlobalSection(ExtensibilityGlobals) = postSolution
		SolutionGuid = {772766F0-5780-4E74-A10D-D1DCC69E6AD6}
	EndGlobalSection
EndGlobal
