
Microsoft Visual Studio Solution File, Format Version 12.00
# Visual Studio 15
VisualStudioVersion = 15.0.28307.757
MinimumVisualStudioVersion = 10.0.40219.1
Project("{FAE04EC0-301F-11D3-BF4B-00C04F79EFBC}") = "767_ReorganizeString", "767_ReorganizeString\767_ReorganizeString.csproj", "{6A942ACC-BFF1-4EA9-9AB9-4DB75E07CE84}"
EndProject
Global
	GlobalSection(SolutionConfigurationPlatforms) = preSolution
		Debug|Any CPU = Debug|Any CPU
		Release|Any CPU = Release|Any CPU
	EndGlobalSection
	GlobalSection(ProjectConfigurationPlatforms) = postSolution
		{6A942ACC-BFF1-4EA9-9AB9-4DB75E07CE84}.Debug|Any CPU.ActiveCfg = Debug|Any CPU
		{6A942ACC-BFF1-4EA9-9AB9-4DB75E07CE84}.Debug|Any CPU.Build.0 = Debug|Any CPU
		{6A942ACC-BFF1-4EA9-9AB9-4DB75E07CE84}.Release|Any CPU.ActiveCfg = Release|Any CPU
		{6A942ACC-BFF1-4EA9-9AB9-4DB75E07CE84}.Release|Any CPU.Build.0 = Release|Any CPU
	EndGlobalSection
	GlobalSection(SolutionProperties) = preSolution
		HideSolutionNode = FALSE
	EndGlobalSection
	GlobalSection(ExtensibilityGlobals) = postSolution
		SolutionGuid = {631FC6AD-95BA-498D-BFAD-A172AD150882}
	EndGlobalSection
EndGlobal
