
Microsoft Visual Studio Solution File, Format Version 12.00
# Visual Studio 15
VisualStudioVersion = 15.0.28010.2041
MinimumVisualStudioVersion = 10.0.40219.1
Project("{FAE04EC0-301F-11D3-BF4B-00C04F79EFBC}") = "Hired", "Hired\Hired.csproj", "{228C7990-BC41-4AE5-AFDD-D1A90EDF466F}"
EndProject
Global
	GlobalSection(SolutionConfigurationPlatforms) = preSolution
		Debug|Any CPU = Debug|Any CPU
		Release|Any CPU = Release|Any CPU
	EndGlobalSection
	GlobalSection(ProjectConfigurationPlatforms) = postSolution
		{228C7990-BC41-4AE5-AFDD-D1A90EDF466F}.Debug|Any CPU.ActiveCfg = Debug|Any CPU
		{228C7990-BC41-4AE5-AFDD-D1A90EDF466F}.Debug|Any CPU.Build.0 = Debug|Any CPU
		{228C7990-BC41-4AE5-AFDD-D1A90EDF466F}.Release|Any CPU.ActiveCfg = Release|Any CPU
		{228C7990-BC41-4AE5-AFDD-D1A90EDF466F}.Release|Any CPU.Build.0 = Release|Any CPU
	EndGlobalSection
	GlobalSection(SolutionProperties) = preSolution
		HideSolutionNode = FALSE
	EndGlobalSection
	GlobalSection(ExtensibilityGlobals) = postSolution
		SolutionGuid = {53D2EFA5-C938-4EC5-BBC8-2F2273581186}
	EndGlobalSection
EndGlobal
