
Microsoft Visual Studio Solution File, Format Version 12.00
# Visual Studio 15
VisualStudioVersion = 15.0.28307.757
MinimumVisualStudioVersion = 10.0.40219.1
Project("{FAE04EC0-301F-11D3-BF4B-00C04F79EFBC}") = "460_LFUCached", "460_LFUCached\460_LFUCached.csproj", "{AE7182BA-670F-4775-BCF2-22D05DD1F499}"
EndProject
Global
	GlobalSection(SolutionConfigurationPlatforms) = preSolution
		Debug|Any CPU = Debug|Any CPU
		Release|Any CPU = Release|Any CPU
	EndGlobalSection
	GlobalSection(ProjectConfigurationPlatforms) = postSolution
		{AE7182BA-670F-4775-BCF2-22D05DD1F499}.Debug|Any CPU.ActiveCfg = Debug|Any CPU
		{AE7182BA-670F-4775-BCF2-22D05DD1F499}.Debug|Any CPU.Build.0 = Debug|Any CPU
		{AE7182BA-670F-4775-BCF2-22D05DD1F499}.Release|Any CPU.ActiveCfg = Release|Any CPU
		{AE7182BA-670F-4775-BCF2-22D05DD1F499}.Release|Any CPU.Build.0 = Release|Any CPU
	EndGlobalSection
	GlobalSection(SolutionProperties) = preSolution
		HideSolutionNode = FALSE
	EndGlobalSection
	GlobalSection(ExtensibilityGlobals) = postSolution
		SolutionGuid = {AC14E54B-0F92-4F9E-93BB-EA5463BFABCB}
	EndGlobalSection
EndGlobal
