
Microsoft Visual Studio Solution File, Format Version 12.00
# Visual Studio 15
VisualStudioVersion = 15.0.28010.2041
MinimumVisualStudioVersion = 10.0.40219.1
Project("{FAE04EC0-301F-11D3-BF4B-00C04F79EFBC}") = "124_BinaryTreeMaximumPathSum", "124_BinaryTreeMaximumPathSum\124_BinaryTreeMaximumPathSum.csproj", "{77700175-BBFB-4AFF-8D4E-B34608E4EF12}"
EndProject
Global
	GlobalSection(SolutionConfigurationPlatforms) = preSolution
		Debug|Any CPU = Debug|Any CPU
		Release|Any CPU = Release|Any CPU
	EndGlobalSection
	GlobalSection(ProjectConfigurationPlatforms) = postSolution
		{77700175-BBFB-4AFF-8D4E-B34608E4EF12}.Debug|Any CPU.ActiveCfg = Debug|Any CPU
		{77700175-BBFB-4AFF-8D4E-B34608E4EF12}.Debug|Any CPU.Build.0 = Debug|Any CPU
		{77700175-BBFB-4AFF-8D4E-B34608E4EF12}.Release|Any CPU.ActiveCfg = Release|Any CPU
		{77700175-BBFB-4AFF-8D4E-B34608E4EF12}.Release|Any CPU.Build.0 = Release|Any CPU
	EndGlobalSection
	GlobalSection(SolutionProperties) = preSolution
		HideSolutionNode = FALSE
	EndGlobalSection
	GlobalSection(ExtensibilityGlobals) = postSolution
		SolutionGuid = {E19358C8-05FE-425F-8729-A139C25D300B}
	EndGlobalSection
EndGlobal
