
Microsoft Visual Studio Solution File, Format Version 12.00
# Visual Studio 14
VisualStudioVersion = 14.0.25420.1
MinimumVisualStudioVersion = 10.0.40219.1
Project("{FAE04EC0-301F-11D3-BF4B-00C04F79EFBC}") = "LongestPalindrom", "LongestPalindrom\LongestPalindrom.csproj", "{17A6A5A0-FBE1-455E-9A27-F35D1A6F08CE}"
EndProject
Global
	GlobalSection(SolutionConfigurationPlatforms) = preSolution
		Debug|Any CPU = Debug|Any CPU
		Release|Any CPU = Release|Any CPU
	EndGlobalSection
	GlobalSection(ProjectConfigurationPlatforms) = postSolution
		{17A6A5A0-FBE1-455E-9A27-F35D1A6F08CE}.Debug|Any CPU.ActiveCfg = Debug|Any CPU
		{17A6A5A0-FBE1-455E-9A27-F35D1A6F08CE}.Debug|Any CPU.Build.0 = Debug|Any CPU
		{17A6A5A0-FBE1-455E-9A27-F35D1A6F08CE}.Release|Any CPU.ActiveCfg = Release|Any CPU
		{17A6A5A0-FBE1-455E-9A27-F35D1A6F08CE}.Release|Any CPU.Build.0 = Release|Any CPU
	EndGlobalSection
	GlobalSection(SolutionProperties) = preSolution
		HideSolutionNode = FALSE
	EndGlobalSection
EndGlobal
