
Microsoft Visual Studio Solution File, Format Version 12.00
# Visual Studio 15
VisualStudioVersion = 15.0.28307.757
MinimumVisualStudioVersion = 10.0.40219.1
Project("{FAE04EC0-301F-11D3-BF4B-00C04F79EFBC}") = "239_SlidingWindowMaximum", "239_SlidingWindowMaximum\239_SlidingWindowMaximum.csproj", "{CF5105BD-E1CA-4BB9-B278-9D1B84066B82}"
EndProject
Global
	GlobalSection(SolutionConfigurationPlatforms) = preSolution
		Debug|Any CPU = Debug|Any CPU
		Release|Any CPU = Release|Any CPU
	EndGlobalSection
	GlobalSection(ProjectConfigurationPlatforms) = postSolution
		{CF5105BD-E1CA-4BB9-B278-9D1B84066B82}.Debug|Any CPU.ActiveCfg = Debug|Any CPU
		{CF5105BD-E1CA-4BB9-B278-9D1B84066B82}.Debug|Any CPU.Build.0 = Debug|Any CPU
		{CF5105BD-E1CA-4BB9-B278-9D1B84066B82}.Release|Any CPU.ActiveCfg = Release|Any CPU
		{CF5105BD-E1CA-4BB9-B278-9D1B84066B82}.Release|Any CPU.Build.0 = Release|Any CPU
	EndGlobalSection
	GlobalSection(SolutionProperties) = preSolution
		HideSolutionNode = FALSE
	EndGlobalSection
	GlobalSection(ExtensibilityGlobals) = postSolution
		SolutionGuid = {0E1B1EF4-BCF3-4271-B56E-023DF9C71328}
	EndGlobalSection
EndGlobal
