
Microsoft Visual Studio Solution File, Format Version 12.00
# Visual Studio 15
VisualStudioVersion = 15.0.28307.757
MinimumVisualStudioVersion = 10.0.40219.1
Project("{FAE04EC0-301F-11D3-BF4B-00C04F79EFBC}") = "310_MinHeightTrees", "310_MinHeightTrees\310_MinHeightTrees.csproj", "{6A7DA05B-BC66-4712-8312-0963D5430908}"
EndProject
Global
	GlobalSection(SolutionConfigurationPlatforms) = preSolution
		Debug|Any CPU = Debug|Any CPU
		Release|Any CPU = Release|Any CPU
	EndGlobalSection
	GlobalSection(ProjectConfigurationPlatforms) = postSolution
		{6A7DA05B-BC66-4712-8312-0963D5430908}.Debug|Any CPU.ActiveCfg = Debug|Any CPU
		{6A7DA05B-BC66-4712-8312-0963D5430908}.Debug|Any CPU.Build.0 = Debug|Any CPU
		{6A7DA05B-BC66-4712-8312-0963D5430908}.Release|Any CPU.ActiveCfg = Release|Any CPU
		{6A7DA05B-BC66-4712-8312-0963D5430908}.Release|Any CPU.Build.0 = Release|Any CPU
	EndGlobalSection
	GlobalSection(SolutionProperties) = preSolution
		HideSolutionNode = FALSE
	EndGlobalSection
	GlobalSection(ExtensibilityGlobals) = postSolution
		SolutionGuid = {AC0ED500-C14B-4833-A9E3-7726462E5828}
	EndGlobalSection
EndGlobal
