
Microsoft Visual Studio Solution File, Format Version 12.00
# Visual Studio 15
VisualStudioVersion = 15.0.28010.2041
MinimumVisualStudioVersion = 10.0.40219.1
Project("{FAE04EC0-301F-11D3-BF4B-00C04F79EFBC}") = "49_GroupAnagrams", "49_GroupAnagrams\49_GroupAnagrams.csproj", "{F562115A-2203-48B1-9BEE-EB345DC7F55D}"
EndProject
Global
	GlobalSection(SolutionConfigurationPlatforms) = preSolution
		Debug|Any CPU = Debug|Any CPU
		Release|Any CPU = Release|Any CPU
	EndGlobalSection
	GlobalSection(ProjectConfigurationPlatforms) = postSolution
		{F562115A-2203-48B1-9BEE-EB345DC7F55D}.Debug|Any CPU.ActiveCfg = Debug|Any CPU
		{F562115A-2203-48B1-9BEE-EB345DC7F55D}.Debug|Any CPU.Build.0 = Debug|Any CPU
		{F562115A-2203-48B1-9BEE-EB345DC7F55D}.Release|Any CPU.ActiveCfg = Release|Any CPU
		{F562115A-2203-48B1-9BEE-EB345DC7F55D}.Release|Any CPU.Build.0 = Release|Any CPU
	EndGlobalSection
	GlobalSection(SolutionProperties) = preSolution
		HideSolutionNode = FALSE
	EndGlobalSection
	GlobalSection(ExtensibilityGlobals) = postSolution
		SolutionGuid = {8350608B-685E-458C-BCC8-5A483FB3BB1D}
	EndGlobalSection
EndGlobal
