
Microsoft Visual Studio Solution File, Format Version 12.00
# Visual Studio 15
VisualStudioVersion = 15.0.28010.2041
MinimumVisualStudioVersion = 10.0.40219.1
Project("{FAE04EC0-301F-11D3-BF4B-00C04F79EFBC}") = "212_WordSearch", "212_WordSearch\212_WordSearch.csproj", "{A4BD9E6E-1082-4C9F-ABB0-BDCB5B33D268}"
EndProject
Global
	GlobalSection(SolutionConfigurationPlatforms) = preSolution
		Debug|Any CPU = Debug|Any CPU
		Release|Any CPU = Release|Any CPU
	EndGlobalSection
	GlobalSection(ProjectConfigurationPlatforms) = postSolution
		{A4BD9E6E-1082-4C9F-ABB0-BDCB5B33D268}.Debug|Any CPU.ActiveCfg = Debug|Any CPU
		{A4BD9E6E-1082-4C9F-ABB0-BDCB5B33D268}.Debug|Any CPU.Build.0 = Debug|Any CPU
		{A4BD9E6E-1082-4C9F-ABB0-BDCB5B33D268}.Release|Any CPU.ActiveCfg = Release|Any CPU
		{A4BD9E6E-1082-4C9F-ABB0-BDCB5B33D268}.Release|Any CPU.Build.0 = Release|Any CPU
	EndGlobalSection
	GlobalSection(SolutionProperties) = preSolution
		HideSolutionNode = FALSE
	EndGlobalSection
	GlobalSection(ExtensibilityGlobals) = postSolution
		SolutionGuid = {482EB998-DBEF-43F8-9DE8-E0EF000C1E4F}
	EndGlobalSection
EndGlobal
