
Microsoft Visual Studio Solution File, Format Version 12.00
# Visual Studio 15
VisualStudioVersion = 15.0.28307.757
MinimumVisualStudioVersion = 10.0.40219.1
Project("{FAE04EC0-301F-11D3-BF4B-00C04F79EFBC}") = "844_BackspaceTracking", "844_BackspaceTracking\844_BackspaceTracking.csproj", "{EE7069B5-A0B7-494B-93A3-9A06FDF9E200}"
EndProject
Global
	GlobalSection(SolutionConfigurationPlatforms) = preSolution
		Debug|Any CPU = Debug|Any CPU
		Release|Any CPU = Release|Any CPU
	EndGlobalSection
	GlobalSection(ProjectConfigurationPlatforms) = postSolution
		{EE7069B5-A0B7-494B-93A3-9A06FDF9E200}.Debug|Any CPU.ActiveCfg = Debug|Any CPU
		{EE7069B5-A0B7-494B-93A3-9A06FDF9E200}.Debug|Any CPU.Build.0 = Debug|Any CPU
		{EE7069B5-A0B7-494B-93A3-9A06FDF9E200}.Release|Any CPU.ActiveCfg = Release|Any CPU
		{EE7069B5-A0B7-494B-93A3-9A06FDF9E200}.Release|Any CPU.Build.0 = Release|Any CPU
	EndGlobalSection
	GlobalSection(SolutionProperties) = preSolution
		HideSolutionNode = FALSE
	EndGlobalSection
	GlobalSection(ExtensibilityGlobals) = postSolution
		SolutionGuid = {3764E8A3-3102-4621-BB63-CCF5C9F74AE5}
	EndGlobalSection
EndGlobal
