
Microsoft Visual Studio Solution File, Format Version 12.00
# Visual Studio 15
VisualStudioVersion = 15.0.28307.757
MinimumVisualStudioVersion = 10.0.40219.1
Project("{FAE04EC0-301F-11D3-BF4B-00C04F79EFBC}") = "430_Flatten", "430_Flatten\430_Flatten.csproj", "{1AEF6E08-1548-425D-A373-148AC0EC34EF}"
EndProject
Global
	GlobalSection(SolutionConfigurationPlatforms) = preSolution
		Debug|Any CPU = Debug|Any CPU
		Release|Any CPU = Release|Any CPU
	EndGlobalSection
	GlobalSection(ProjectConfigurationPlatforms) = postSolution
		{1AEF6E08-1548-425D-A373-148AC0EC34EF}.Debug|Any CPU.ActiveCfg = Debug|Any CPU
		{1AEF6E08-1548-425D-A373-148AC0EC34EF}.Debug|Any CPU.Build.0 = Debug|Any CPU
		{1AEF6E08-1548-425D-A373-148AC0EC34EF}.Release|Any CPU.ActiveCfg = Release|Any CPU
		{1AEF6E08-1548-425D-A373-148AC0EC34EF}.Release|Any CPU.Build.0 = Release|Any CPU
	EndGlobalSection
	GlobalSection(SolutionProperties) = preSolution
		HideSolutionNode = FALSE
	EndGlobalSection
	GlobalSection(ExtensibilityGlobals) = postSolution
		SolutionGuid = {92F44361-98D4-4583-B267-CE95693A57F2}
	EndGlobalSection
EndGlobal
