
Microsoft Visual Studio Solution File, Format Version 12.00
# Visual Studio 15
VisualStudioVersion = 15.0.28307.757
MinimumVisualStudioVersion = 10.0.40219.1
Project("{FAE04EC0-301F-11D3-BF4B-00C04F79EFBC}") = "148_QuickSortList", "148_QuickSortList\148_QuickSortList.csproj", "{5CC8B1B4-8254-4325-8E8D-55BB73ACB5D3}"
EndProject
Global
	GlobalSection(SolutionConfigurationPlatforms) = preSolution
		Debug|Any CPU = Debug|Any CPU
		Release|Any CPU = Release|Any CPU
	EndGlobalSection
	GlobalSection(ProjectConfigurationPlatforms) = postSolution
		{5CC8B1B4-8254-4325-8E8D-55BB73ACB5D3}.Debug|Any CPU.ActiveCfg = Debug|Any CPU
		{5CC8B1B4-8254-4325-8E8D-55BB73ACB5D3}.Debug|Any CPU.Build.0 = Debug|Any CPU
		{5CC8B1B4-8254-4325-8E8D-55BB73ACB5D3}.Release|Any CPU.ActiveCfg = Release|Any CPU
		{5CC8B1B4-8254-4325-8E8D-55BB73ACB5D3}.Release|Any CPU.Build.0 = Release|Any CPU
	EndGlobalSection
	GlobalSection(SolutionProperties) = preSolution
		HideSolutionNode = FALSE
	EndGlobalSection
	GlobalSection(ExtensibilityGlobals) = postSolution
		SolutionGuid = {1E9C62BB-6028-43A6-A83D-7D53EA44EB08}
	EndGlobalSection
EndGlobal
