
Microsoft Visual Studio Solution File, Format Version 12.00
# Visual Studio 15
VisualStudioVersion = 15.0.28307.757
MinimumVisualStudioVersion = 10.0.40219.1
Project("{FAE04EC0-301F-11D3-BF4B-00C04F79EFBC}") = "572_Subtree", "572_Subtree\572_Subtree.csproj", "{8F403BC3-281B-4893-AC0D-8EA682D2A997}"
EndProject
Global
	GlobalSection(SolutionConfigurationPlatforms) = preSolution
		Debug|Any CPU = Debug|Any CPU
		Release|Any CPU = Release|Any CPU
	EndGlobalSection
	GlobalSection(ProjectConfigurationPlatforms) = postSolution
		{8F403BC3-281B-4893-AC0D-8EA682D2A997}.Debug|Any CPU.ActiveCfg = Debug|Any CPU
		{8F403BC3-281B-4893-AC0D-8EA682D2A997}.Debug|Any CPU.Build.0 = Debug|Any CPU
		{8F403BC3-281B-4893-AC0D-8EA682D2A997}.Release|Any CPU.ActiveCfg = Release|Any CPU
		{8F403BC3-281B-4893-AC0D-8EA682D2A997}.Release|Any CPU.Build.0 = Release|Any CPU
	EndGlobalSection
	GlobalSection(SolutionProperties) = preSolution
		HideSolutionNode = FALSE
	EndGlobalSection
	GlobalSection(ExtensibilityGlobals) = postSolution
		SolutionGuid = {7BE0E3E6-FAC9-4289-BD76-6FF163DA78B8}
	EndGlobalSection
EndGlobal
