
Microsoft Visual Studio Solution File, Format Version 12.00
# Visual Studio 15
VisualStudioVersion = 15.0.28010.2041
MinimumVisualStudioVersion = 10.0.40219.1
Project("{FAE04EC0-301F-11D3-BF4B-00C04F79EFBC}") = "222_CompleteTreeNodes", "222_CompleteTreeNodes\222_CompleteTreeNodes.csproj", "{AED8D7AF-57D0-40BA-BD82-2EDFB7A7F016}"
EndProject
Global
	GlobalSection(SolutionConfigurationPlatforms) = preSolution
		Debug|Any CPU = Debug|Any CPU
		Release|Any CPU = Release|Any CPU
	EndGlobalSection
	GlobalSection(ProjectConfigurationPlatforms) = postSolution
		{AED8D7AF-57D0-40BA-BD82-2EDFB7A7F016}.Debug|Any CPU.ActiveCfg = Debug|Any CPU
		{AED8D7AF-57D0-40BA-BD82-2EDFB7A7F016}.Debug|Any CPU.Build.0 = Debug|Any CPU
		{AED8D7AF-57D0-40BA-BD82-2EDFB7A7F016}.Release|Any CPU.ActiveCfg = Release|Any CPU
		{AED8D7AF-57D0-40BA-BD82-2EDFB7A7F016}.Release|Any CPU.Build.0 = Release|Any CPU
	EndGlobalSection
	GlobalSection(SolutionProperties) = preSolution
		HideSolutionNode = FALSE
	EndGlobalSection
	GlobalSection(ExtensibilityGlobals) = postSolution
		SolutionGuid = {855D9DF0-179D-45D0-A63C-5BEDFDA359AA}
	EndGlobalSection
EndGlobal
