
Microsoft Visual Studio Solution File, Format Version 12.00
# Visual Studio 15
VisualStudioVersion = 15.0.28307.757
MinimumVisualStudioVersion = 10.0.40219.1
Project("{FAE04EC0-301F-11D3-BF4B-00C04F79EFBC}") = "787_CheapestFlight", "787_CheapestFlight\787_CheapestFlight.csproj", "{F1793210-905B-4781-8E9A-2D7908B0EB55}"
EndProject
Global
	GlobalSection(SolutionConfigurationPlatforms) = preSolution
		Debug|Any CPU = Debug|Any CPU
		Release|Any CPU = Release|Any CPU
	EndGlobalSection
	GlobalSection(ProjectConfigurationPlatforms) = postSolution
		{F1793210-905B-4781-8E9A-2D7908B0EB55}.Debug|Any CPU.ActiveCfg = Debug|Any CPU
		{F1793210-905B-4781-8E9A-2D7908B0EB55}.Debug|Any CPU.Build.0 = Debug|Any CPU
		{F1793210-905B-4781-8E9A-2D7908B0EB55}.Release|Any CPU.ActiveCfg = Release|Any CPU
		{F1793210-905B-4781-8E9A-2D7908B0EB55}.Release|Any CPU.Build.0 = Release|Any CPU
	EndGlobalSection
	GlobalSection(SolutionProperties) = preSolution
		HideSolutionNode = FALSE
	EndGlobalSection
	GlobalSection(ExtensibilityGlobals) = postSolution
		SolutionGuid = {84DA20E7-176E-407C-91A6-808255CFF402}
	EndGlobalSection
EndGlobal
