
Microsoft Visual Studio Solution File, Format Version 12.00
# Visual Studio 15
VisualStudioVersion = 15.0.28010.2041
MinimumVisualStudioVersion = 10.0.40219.1
Project("{FAE04EC0-301F-11D3-BF4B-00C04F79EFBC}") = "33_SearchSortedArray", "33_SearchSortedArray\33_SearchSortedArray.csproj", "{2E140511-04B7-4737-BAA6-C18DD42F331D}"
EndProject
Global
	GlobalSection(SolutionConfigurationPlatforms) = preSolution
		Debug|Any CPU = Debug|Any CPU
		Release|Any CPU = Release|Any CPU
	EndGlobalSection
	GlobalSection(ProjectConfigurationPlatforms) = postSolution
		{2E140511-04B7-4737-BAA6-C18DD42F331D}.Debug|Any CPU.ActiveCfg = Debug|Any CPU
		{2E140511-04B7-4737-BAA6-C18DD42F331D}.Debug|Any CPU.Build.0 = Debug|Any CPU
		{2E140511-04B7-4737-BAA6-C18DD42F331D}.Release|Any CPU.ActiveCfg = Release|Any CPU
		{2E140511-04B7-4737-BAA6-C18DD42F331D}.Release|Any CPU.Build.0 = Release|Any CPU
	EndGlobalSection
	GlobalSection(SolutionProperties) = preSolution
		HideSolutionNode = FALSE
	EndGlobalSection
	GlobalSection(ExtensibilityGlobals) = postSolution
		SolutionGuid = {5D3C8EB2-BCE8-43C6-BFF3-8A9242544DC4}
	EndGlobalSection
EndGlobal
