
Microsoft Visual Studio Solution File, Format Version 12.00
# Visual Studio 15
VisualStudioVersion = 15.0.28307.757
MinimumVisualStudioVersion = 10.0.40219.1
Project("{FAE04EC0-301F-11D3-BF4B-00C04F79EFBC}") = "752_OpenTheLock", "752_OpenTheLock\752_OpenTheLock.csproj", "{8F7A80B4-DF67-4B92-8862-E60F14CBF59A}"
EndProject
Global
	GlobalSection(SolutionConfigurationPlatforms) = preSolution
		Debug|Any CPU = Debug|Any CPU
		Release|Any CPU = Release|Any CPU
	EndGlobalSection
	GlobalSection(ProjectConfigurationPlatforms) = postSolution
		{8F7A80B4-DF67-4B92-8862-E60F14CBF59A}.Debug|Any CPU.ActiveCfg = Debug|Any CPU
		{8F7A80B4-DF67-4B92-8862-E60F14CBF59A}.Debug|Any CPU.Build.0 = Debug|Any CPU
		{8F7A80B4-DF67-4B92-8862-E60F14CBF59A}.Release|Any CPU.ActiveCfg = Release|Any CPU
		{8F7A80B4-DF67-4B92-8862-E60F14CBF59A}.Release|Any CPU.Build.0 = Release|Any CPU
	EndGlobalSection
	GlobalSection(SolutionProperties) = preSolution
		HideSolutionNode = FALSE
	EndGlobalSection
	GlobalSection(ExtensibilityGlobals) = postSolution
		SolutionGuid = {C6CDA922-2A6F-4ABA-AF8C-509F66278BAC}
	EndGlobalSection
EndGlobal
