
Microsoft Visual Studio Solution File, Format Version 12.00
# Visual Studio 15
VisualStudioVersion = 15.0.28307.757
MinimumVisualStudioVersion = 10.0.40219.1
Project("{FAE04EC0-301F-11D3-BF4B-00C04F79EFBC}") = "518_CoinChange", "518_CoinChange\518_CoinChange.csproj", "{A1CF808F-43CA-4479-935E-EA5409F1A6C9}"
EndProject
Global
	GlobalSection(SolutionConfigurationPlatforms) = preSolution
		Debug|Any CPU = Debug|Any CPU
		Release|Any CPU = Release|Any CPU
	EndGlobalSection
	GlobalSection(ProjectConfigurationPlatforms) = postSolution
		{A1CF808F-43CA-4479-935E-EA5409F1A6C9}.Debug|Any CPU.ActiveCfg = Debug|Any CPU
		{A1CF808F-43CA-4479-935E-EA5409F1A6C9}.Debug|Any CPU.Build.0 = Debug|Any CPU
		{A1CF808F-43CA-4479-935E-EA5409F1A6C9}.Release|Any CPU.ActiveCfg = Release|Any CPU
		{A1CF808F-43CA-4479-935E-EA5409F1A6C9}.Release|Any CPU.Build.0 = Release|Any CPU
	EndGlobalSection
	GlobalSection(SolutionProperties) = preSolution
		HideSolutionNode = FALSE
	EndGlobalSection
	GlobalSection(ExtensibilityGlobals) = postSolution
		SolutionGuid = {3BC64102-32ED-4EDB-A348-9FC1E553817A}
	EndGlobalSection
EndGlobal
