
Microsoft Visual Studio Solution File, Format Version 12.00
# Visual Studio 15
VisualStudioVersion = 15.0.28010.2041
MinimumVisualStudioVersion = 10.0.40219.1
Project("{FAE04EC0-301F-11D3-BF4B-00C04F79EFBC}") = "324_WiggleSort", "324_WiggleSort\324_WiggleSort.csproj", "{F84ABC25-9CB3-4B6E-B912-30119F137910}"
EndProject
Global
	GlobalSection(SolutionConfigurationPlatforms) = preSolution
		Debug|Any CPU = Debug|Any CPU
		Release|Any CPU = Release|Any CPU
	EndGlobalSection
	GlobalSection(ProjectConfigurationPlatforms) = postSolution
		{F84ABC25-9CB3-4B6E-B912-30119F137910}.Debug|Any CPU.ActiveCfg = Debug|Any CPU
		{F84ABC25-9CB3-4B6E-B912-30119F137910}.Debug|Any CPU.Build.0 = Debug|Any CPU
		{F84ABC25-9CB3-4B6E-B912-30119F137910}.Release|Any CPU.ActiveCfg = Release|Any CPU
		{F84ABC25-9CB3-4B6E-B912-30119F137910}.Release|Any CPU.Build.0 = Release|Any CPU
	EndGlobalSection
	GlobalSection(SolutionProperties) = preSolution
		HideSolutionNode = FALSE
	EndGlobalSection
	GlobalSection(ExtensibilityGlobals) = postSolution
		SolutionGuid = {7B864361-56D5-4A2E-968F-ED5E7407E5E1}
	EndGlobalSection
EndGlobal
