
Microsoft Visual Studio Solution File, Format Version 12.00
# Visual Studio 15
VisualStudioVersion = 15.0.28307.757
MinimumVisualStudioVersion = 10.0.40219.1
Project("{FAE04EC0-301F-11D3-BF4B-00C04F79EFBC}") = "437_PathSum", "437_PathSum\437_PathSum.csproj", "{4E901ADC-7774-4FC1-BE8F-15CD02FA03AD}"
EndProject
Global
	GlobalSection(SolutionConfigurationPlatforms) = preSolution
		Debug|Any CPU = Debug|Any CPU
		Release|Any CPU = Release|Any CPU
	EndGlobalSection
	GlobalSection(ProjectConfigurationPlatforms) = postSolution
		{4E901ADC-7774-4FC1-BE8F-15CD02FA03AD}.Debug|Any CPU.ActiveCfg = Debug|Any CPU
		{4E901ADC-7774-4FC1-BE8F-15CD02FA03AD}.Debug|Any CPU.Build.0 = Debug|Any CPU
		{4E901ADC-7774-4FC1-BE8F-15CD02FA03AD}.Release|Any CPU.ActiveCfg = Release|Any CPU
		{4E901ADC-7774-4FC1-BE8F-15CD02FA03AD}.Release|Any CPU.Build.0 = Release|Any CPU
	EndGlobalSection
	GlobalSection(SolutionProperties) = preSolution
		HideSolutionNode = FALSE
	EndGlobalSection
	GlobalSection(ExtensibilityGlobals) = postSolution
		SolutionGuid = {12D06741-9B57-4C8D-BE78-1C1774B61E11}
	EndGlobalSection
EndGlobal
